{
	"name": "@typecell-org/editor",
	"version": "0.0.3",
	"lockfileVersion": 2,
	"requires": true,
	"packages": {
		"": {
			"name": "@typecell-org/editor",
			"version": "0.0.3",
			"dependencies": {
				"vscode-lib": "^0.1.0"
			}
		},
		"../common": {
			"name": "@typecell-org/common",
			"version": "0.0.3",
			"extraneous": true,
			"dependencies": {
				"string.prototype.replaceall": "^1.0.5",
				"uuid": "^8.3.2"
			},
			"devDependencies": {
				"rimraf": "^3.0.2",
				"typescript": "4.3.2"
			}
		},
		"../engine": {
			"name": "@typecell-org/engine",
			"version": "0.0.3",
			"extraneous": true,
			"dependencies": {
				"es-module-shims": "1.4.3",
				"lodash": "^4.17.21",
				"mobx": "^6.2.0",
				"react": "^17.0.2",
				"vscode-lib": "^0.1.2"
			},
			"devDependencies": {
				"@playwright/test": "^1.18.1",
				"@types/jest": "^26.0.22",
				"jest": "26.6.0",
				"rimraf": "^3.0.2",
				"typescript": "4.3.2"
			}
		},
		"node_modules/vscode-lib": {
			"version": "0.1.2",
			"resolved": "https://registry.npmjs.org/vscode-lib/-/vscode-lib-0.1.2.tgz",
			"integrity": "sha512-X7YTInfdx0D7O5d5jxv5tirYNlZT3wwmB/auEWDq8nKrJCkZea48y1brADKWSfmmSCvmaZwG5RJ3VOQf/pPwMg=="
		}
	},
	"dependencies": {
		"vscode-lib": {
			"version": "0.1.2",
			"resolved": "https://registry.npmjs.org/vscode-lib/-/vscode-lib-0.1.2.tgz",
			"integrity": "sha512-X7YTInfdx0D7O5d5jxv5tirYNlZT3wwmB/auEWDq8nKrJCkZea48y1brADKWSfmmSCvmaZwG5RJ3VOQf/pPwMg=="
		}
	}
}
